
Microsoft Visual Studio Solution File, Format Version 12.00
# Visual Studio 2015
Project("{FAE04EC0-301F-11D3-BF4B-00C04F79EFBC}") = "ChickenGame", "ChickenGame.csproj", "{65DB01C5-C201-F7D4-7E41-28CEFE64C3E1}"
EndProject
Global
	GlobalSection(SolutionConfigurationPlatforms) = preSolution
		Debug|Any CPU = Debug|Any CPU
		Release|Any CPU = Release|Any CPU
	EndGlobalSection
	GlobalSection(ProjectConfigurationPlatforms) = postSolution
		{65DB01C5-C201-F7D4-7E41-28CEFE64C3E1}.Debug|Any CPU.ActiveCfg = Debug|Any CPU
		{65DB01C5-C201-F7D4-7E41-28CEFE64C3E1}.Debug|Any CPU.Build.0 = Debug|Any CPU
		{65DB01C5-C201-F7D4-7E41-28CEFE64C3E1}.Release|Any CPU.ActiveCfg = Release|Any CPU
		{65DB01C5-C201-F7D4-7E41-28CEFE64C3E1}.Release|Any CPU.Build.0 = Release|Any CPU
	EndGlobalSection
	GlobalSection(SolutionProperties) = preSolution
		HideSolutionNode = FALSE
	EndGlobalSection
EndGlobal
