Microsoft Visual Studio Solution File, Format Version 11.00
# Visual Studio 2008

Project("{9AA51FBA-0D68-C138-D99D-7ABB1B77CE08}") = "ChickenGame", "Assembly-CSharp.csproj", "{ED3F2172-9CF3-AA9F-EFBA-65F0B49DC34B}"
EndProject
Global
	GlobalSection(SolutionConfigurationPlatforms) = preSolution
		Debug|Any CPU = Debug|Any CPU
		Release|Any CPU = Release|Any CPU
	EndGlobalSection
	GlobalSection(ProjectConfigurationPlatforms) = postSolution
		{ED3F2172-9CF3-AA9F-EFBA-65F0B49DC34B}.Debug|Any CPU.ActiveCfg = Debug|Any CPU
		{ED3F2172-9CF3-AA9F-EFBA-65F0B49DC34B}.Debug|Any CPU.Build.0 = Debug|Any CPU
		{ED3F2172-9CF3-AA9F-EFBA-65F0B49DC34B}.Release|Any CPU.ActiveCfg = Release|Any CPU
		{ED3F2172-9CF3-AA9F-EFBA-65F0B49DC34B}.Release|Any CPU.Build.0 = Release|Any CPU
	EndGlobalSection
	GlobalSection(SolutionProperties) = preSolution
		HideSolutionNode = FALSE
	EndGlobalSection
	GlobalSection(MonoDevelopProperties) = preSolution
		StartupItem = Assembly-CSharp.csproj
	EndGlobalSection
EndGlobal
